
Microsoft Visual Studio Solution File, Format Version 12.00
# Visual Studio Version 17
VisualStudioVersion = 17.14.36414.22 d17.14
MinimumVisualStudioVersion = 10.0.40219.1
Project("{FAE04EC0-301F-11D3-BF4B-00C04F79EFBC}") = "TREM PIUI", "TREM PIUI.csproj", "{2389D32D-D647-4641-85AD-B6F4C2333938}"
EndProject
Global
	GlobalSection(SolutionConfigurationPlatforms) = preSolution
		Debug|Any CPU = Debug|Any CPU
		Release|Any CPU = Release|Any CPU
	EndGlobalSection
	GlobalSection(ProjectConfigurationPlatforms) = postSolution
		{2389D32D-D647-4641-85AD-B6F4C2333938}.Debug|Any CPU.ActiveCfg = Debug|Any CPU
		{2389D32D-D647-4641-85AD-B6F4C2333938}.Debug|Any CPU.Build.0 = Debug|Any CPU
		{2389D32D-D647-4641-85AD-B6F4C2333938}.Release|Any CPU.ActiveCfg = Release|Any CPU
		{2389D32D-D647-4641-85AD-B6F4C2333938}.Release|Any CPU.Build.0 = Release|Any CPU
	EndGlobalSection
	GlobalSection(SolutionProperties) = preSolution
		HideSolutionNode = FALSE
	EndGlobalSection
	GlobalSection(ExtensibilityGlobals) = postSolution
		SolutionGuid = {D9EE50DB-65A7-4B5E-A12E-71733CED9751}
	EndGlobalSection
EndGlobal
